
Microsoft Visual Studio Solution File, Format Version 12.00
# Visual Studio Version 17
VisualStudioVersion = 17.5.002.0
MinimumVisualStudioVersion = 10.0.40219.1
Project("{9A19103F-16F7-4668-BE54-9A1E7A4F7556}") = "PjAdminlte", "PjAdminlte.csproj", "{83029870-C791-414F-B34C-295DD9CFEE02}"
EndProject
Global
	GlobalSection(SolutionConfigurationPlatforms) = preSolution
		Debug|Any CPU = Debug|Any CPU
		Release|Any CPU = Release|Any CPU
	EndGlobalSection
	GlobalSection(ProjectConfigurationPlatforms) = postSolution
		{83029870-C791-414F-B34C-295DD9CFEE02}.Debug|Any CPU.ActiveCfg = Debug|Any CPU
		{83029870-C791-414F-B34C-295DD9CFEE02}.Debug|Any CPU.Build.0 = Debug|Any CPU
		{83029870-C791-414F-B34C-295DD9CFEE02}.Release|Any CPU.ActiveCfg = Release|Any CPU
		{83029870-C791-414F-B34C-295DD9CFEE02}.Release|Any CPU.Build.0 = Release|Any CPU
	EndGlobalSection
	GlobalSection(SolutionProperties) = preSolution
		HideSolutionNode = FALSE
	EndGlobalSection
	GlobalSection(ExtensibilityGlobals) = postSolution
		SolutionGuid = {6EA00A09-9295-4084-8872-DC05D532869C}
	EndGlobalSection
EndGlobal
